// !$*UTF8*$!
{
	archiveVersion = 1;
	classes = {
	};
	objectVersion = 50;
	objects = {

/* Begin PBXBuildFile section */
		190C347F27B568A100F2D365 /* WordleDemoApp.swift in Sources */ = {isa = PBXBuildFile; fileRef = 190C347E27B568A100F2D365 /* WordleDemoApp.swift */; };
		190C348127B568A100F2D365 /* ContentView.swift in Sources */ = {isa = PBXBuildFile; fileRef = 190C348027B568A100F2D365 /* ContentView.swift */; };
		190C348327B568A300F2D365 /* Assets.xcassets in Resources */ = {isa = PBXBuildFile; fileRef = 190C348227B568A300F2D365 /* Assets.xcassets */; };
		190C348627B568A300F2D365 /* Preview Assets.xcassets in Resources */ = {isa = PBXBuildFile; fileRef = 190C348527B568A300F2D365 /* Preview Assets.xcassets */; };
		190C349627B7A3C700F2D365 /* StringExtensions.swift in Sources */ = {isa = PBXBuildFile; fileRef = 190C349527B7A3C700F2D365 /* StringExtensions.swift */; };
		190C349927B839F900F2D365 /* ViewModelo.swift in Sources */ = {isa = PBXBuildFile; fileRef = 190C349827B839F800F2D365 /* ViewModelo.swift */; };
		190C349C27B84E2900F2D365 /* WordList.swift in Sources */ = {isa = PBXBuildFile; fileRef = 190C349B27B84E2900F2D365 /* WordList.swift */; };
/* End PBXBuildFile section */

/* Begin PBXFileReference section */
		190C347B27B568A100F2D365 /* WordleDemo.app */ = {isa = PBXFileReference; explicitFileType = wrapper.application; includeInIndex = 0; path = WordleDemo.app; sourceTree = BUILT_PRODUCTS_DIR; };
		190C347E27B568A100F2D365 /* WordleDemoApp.swift */ = {isa = PBXFileReference; lastKnownFileType = sourcecode.swift; path = WordleDemoApp.swift; sourceTree = "<group>"; };
		190C348027B568A100F2D365 /* ContentView.swift */ = {isa = PBXFileReference; lastKnownFileType = sourcecode.swift; path = ContentView.swift; sourceTree = "<group>"; };
		190C348227B568A300F2D365 /* Assets.xcassets */ = {isa = PBXFileReference; lastKnownFileType = folder.assetcatalog; path = Assets.xcassets; sourceTree = "<group>"; };
		190C348527B568A300F2D365 /* Preview Assets.xcassets */ = {isa = PBXFileReference; lastKnownFileType = folder.assetcatalog; path = "Preview Assets.xcassets"; sourceTree = "<group>"; };
		190C348727B568A300F2D365 /* Info.plist */ = {isa = PBXFileReference; lastKnownFileType = text.plist.xml; path = Info.plist; sourceTree = "<group>"; };
		190C349527B7A3C700F2D365 /* StringExtensions.swift */ = {isa = PBXFileReference; lastKnownFileType = sourcecode.swift; path = StringExtensions.swift; sourceTree = "<group>"; };
		190C349827B839F800F2D365 /* ViewModelo.swift */ = {isa = PBXFileReference; lastKnownFileType = sourcecode.swift; path = ViewModelo.swift; sourceTree = "<group>"; };
		190C349B27B84E2900F2D365 /* WordList.swift */ = {isa = PBXFileReference; lastKnownFileType = sourcecode.swift; path = WordList.swift; sourceTree = "<group>"; };
/* End PBXFileReference section */

/* Begin PBXFrameworksBuildPhase section */
		190C347827B568A100F2D365 /* Frameworks */ = {
			isa = PBXFrameworksBuildPhase;
			buildActionMask = 2147483647;
			files = (
			);
			runOnlyForDeploymentPostprocessing = 0;
		};
/* End PBXFrameworksBuildPhase section */

/* Begin PBXGroup section */
		190C347227B568A100F2D365 = {
			isa = PBXGroup;
			children = (
				190C347D27B568A100F2D365 /* WordleDemo */,
				190C347C27B568A100F2D365 /* Products */,
			);
			sourceTree = "<group>";
		};
		190C347C27B568A100F2D365 /* Products */ = {
			isa = PBXGroup;
			children = (
				190C347B27B568A100F2D365 /* WordleDemo.app */,
			);
			name = Products;
			sourceTree = "<group>";
		};
		190C347D27B568A100F2D365 /* WordleDemo */ = {
			isa = PBXGroup;
			children = (
				190C347E27B568A100F2D365 /* WordleDemoApp.swift */,
				190C348027B568A100F2D365 /* ContentView.swift */,
				190C349827B839F800F2D365 /* ViewModelo.swift */,
				190C349B27B84E2900F2D365 /* WordList.swift */,
				190C348227B568A300F2D365 /* Assets.xcassets */,
				190C348727B568A300F2D365 /* Info.plist */,
				190C348427B568A300F2D365 /* Preview Content */,
				190C349527B7A3C700F2D365 /* StringExtensions.swift */,
			);
			path = WordleDemo;
			sourceTree = "<group>";
		};
		190C348427B568A300F2D365 /* Preview Content */ = {
			isa = PBXGroup;
			children = (
				190C348527B568A300F2D365 /* Preview Assets.xcassets */,
			);
			path = "Preview Content";
			sourceTree = "<group>";
		};
/* End PBXGroup section */

/* Begin PBXNativeTarget section */
		190C347A27B568A100F2D365 /* WordleDemo */ = {
			isa = PBXNativeTarget;
			buildConfigurationList = 190C348A27B568A300F2D365 /* Build configuration list for PBXNativeTarget "WordleDemo" */;
			buildPhases = (
				190C347727B568A100F2D365 /* Sources */,
				190C347827B568A100F2D365 /* Frameworks */,
				190C347927B568A100F2D365 /* Resources */,
			);
			buildRules = (
			);
			dependencies = (
			);
			name = WordleDemo;
			productName = WordleDemo;
			productReference = 190C347B27B568A100F2D365 /* WordleDemo.app */;
			productType = "com.apple.product-type.application";
		};
/* End PBXNativeTarget section */

/* Begin PBXProject section */
		190C347327B568A100F2D365 /* Project object */ = {
			isa = PBXProject;
			attributes = {
				LastSwiftUpdateCheck = 1240;
				LastUpgradeCheck = 1240;
				TargetAttributes = {
					190C347A27B568A100F2D365 = {
						CreatedOnToolsVersion = 12.4;
					};
				};
			};
			buildConfigurationList = 190C347627B568A100F2D365 /* Build configuration list for PBXProject "WordleDemo" */;
			compatibilityVersion = "Xcode 9.3";
			developmentRegion = en;
			hasScannedForEncodings = 0;
			knownRegions = (
				en,
				Base,
			);
			mainGroup = 190C347227B568A100F2D365;
			productRefGroup = 190C347C27B568A100F2D365 /* Products */;
			projectDirPath = "";
			projectRoot = "";
			targets = (
				190C347A27B568A100F2D365 /* WordleDemo */,
			);
		};
/* End PBXProject section */

/* Begin PBXResourcesBuildPhase section */
		190C347927B568A100F2D365 /* Resources */ = {
			isa = PBXResourcesBuildPhase;
			buildActionMask = 2147483647;
			files = (
				190C348627B568A300F2D365 /* Preview Assets.xcassets in Resources */,
				190C348327B568A300F2D365 /* Assets.xcassets in Resources */,
			);
			runOnlyForDeploymentPostprocessing = 0;
		};
/* End PBXResourcesBuildPhase section */

/* Begin PBXSourcesBuildPhase section */
		190C347727B568A100F2D365 /* Sources */ = {
			isa = PBXSourcesBuildPhase;
			buildActionMask = 2147483647;
			files = (
				190C349627B7A3C700F2D365 /* StringExtensions.swift in Sources */,
				190C348127B568A100F2D365 /* ContentView.swift in Sources */,
				190C349927B839F900F2D365 /* ViewModelo.swift in Sources */,
				190C347F27B568A100F2D365 /* WordleDemoApp.swift in Sources */,
				190C349C27B84E2900F2D365 /* WordList.swift in Sources */,
			);
			runOnlyForDeploymentPostprocessing = 0;
		};
/* End PBXSourcesBuildPhase section */

/* Begin XCBuildConfiguration section */
		190C348827B568A300F2D365 /* Debug */ = {
			isa = XCBuildConfiguration;
			buildSettings = {
				ALWAYS_SEARCH_USER_PATHS = NO;
				CLANG_ANALYZER_NONNULL = YES;
				CLANG_ANALYZER_NUMBER_OBJECT_CONVERSION = YES_AGGRESSIVE;
				CLANG_CXX_LANGUAGE_STANDARD = "gnu++14";
				CLANG_CXX_LIBRARY = "libc++";
				CLANG_ENABLE_MODULES = YES;
				CLANG_ENABLE_OBJC_ARC = YES;
				CLANG_ENABLE_OBJC_WEAK = YES;
				CLANG_WARN_BLOCK_CAPTURE_AUTORELEASING = YES;
				CLANG_WARN_BOOL_CONVERSION = YES;
				CLANG_WARN_COMMA = YES;
				CLANG_WARN_CONSTANT_CONVERSION = YES;
				CLANG_WARN_DEPRECATED_OBJC_IMPLEMENTATIONS = YES;
				CLANG_WARN_DIRECT_OBJC_ISA_USAGE = YES_ERROR;
				CLANG_WARN_DOCUMENTATION_COMMENTS = YES;
				CLANG_WARN_EMPTY_BODY = YES;
				CLANG_WARN_ENUM_CONVERSION = YES;
				CLANG_WARN_INFINITE_RECURSION = YES;
				CLANG_WARN_INT_CONVERSION = YES;
				CLANG_WARN_NON_LITERAL_NULL_CONVERSION = YES;
				CLANG_WARN_OBJC_IMPLICIT_RETAIN_SELF = YES;
				CLANG_WARN_OBJC_LITERAL_CONVERSION = YES;
				CLANG_WARN_OBJC_ROOT_CLASS = YES_ERROR;
				CLANG_WARN_QUOTED_INCLUDE_IN_FRAMEWORK_HEADER = YES;
				CLANG_WARN_RANGE_LOOP_ANALYSIS = YES;
				CLANG_WARN_STRICT_PROTOTYPES = YES;
				CLANG_WARN_SUSPICIOUS_MOVE = YES;
				CLANG_WARN_UNGUARDED_AVAILABILITY = YES_AGGRESSIVE;
				CLANG_WARN_UNREACHABLE_CODE = YES;
				CLANG_WARN__DUPLICATE_METHOD_MATCH = YES;
				COPY_PHASE_STRIP = NO;
				DEBUG_INFORMATION_FORMAT = dwarf;
				ENABLE_STRICT_OBJC_MSGSEND = YES;
				ENABLE_TESTABILITY = YES;
				GCC_C_LANGUAGE_STANDARD = gnu11;
				GCC_DYNAMIC_NO_PIC = NO;
				GCC_NO_COMMON_BLOCKS = YES;
				GCC_OPTIMIZATION_LEVEL = 0;
				GCC_PREPROCESSOR_DEFINITIONS = (
					"DEBUG=1",
					"$(inherited)",
				);
				GCC_WARN_64_TO_32_BIT_CONVERSION = YES;
				GCC_WARN_ABOUT_RETURN_TYPE = YES_ERROR;
				GCC_WARN_UNDECLARED_SELECTOR = YES;
				GCC_WARN_UNINITIALIZED_AUTOS = YES_AGGRESSIVE;
				GCC_WARN_UNUSED_FUNCTION = YES;
				GCC_WARN_UNUSED_VARIABLE = YES;
				IPHONEOS_DEPLOYMENT_TARGET = 14.4;
				MTL_ENABLE_DEBUG_INFO = INCLUDE_SOURCE;
				MTL_FAST_MATH = YES;
				ONLY_ACTIVE_ARCH = YES;
				SDKROOT = iphoneos;
				SWIFT_ACTIVE_COMPILATION_CONDITIONS = DEBUG;
				SWIFT_OPTIMIZATION_LEVEL = "-Onone";
			};
			name = Debug;
		};
		190C348927B568A300F2D365 /* Release */ = {
			isa = XCBuildConfiguration;
			buildSettings = {
				ALWAYS_SEARCH_USER_PATHS = NO;
				CLANG_ANALYZER_NONNULL = YES;
				CLANG_ANALYZER_NUMBER_OBJECT_CONVERSION = YES_AGGRESSIVE;
				CLANG_CXX_LANGUAGE_STANDARD = "gnu++14";
				CLANG_CXX_LIBRARY = "libc++";
				CLANG_ENABLE_MODULES = YES;
				CLANG_ENABLE_OBJC_ARC = YES;
				CLANG_ENABLE_OBJC_WEAK = YES;
				CLANG_WARN_BLOCK_CAPTURE_AUTORELEASING = YES;
				CLANG_WARN_BOOL_CONVERSION = YES;
				CLANG_WARN_COMMA = YES;
				CLANG_WARN_CONSTANT_CONVERSION = YES;
				CLANG_WARN_DEPRECATED_OBJC_IMPLEMENTATIONS = YES;
				CLANG_WARN_DIRECT_OBJC_ISA_USAGE = YES_ERROR;
				CLANG_WARN_DOCUMENTATION_COMMENTS = YES;
				CLANG_WARN_EMPTY_BODY = YES;
				CLANG_WARN_ENUM_CONVERSION = YES;
				CLANG_WARN_INFINITE_RECURSION = YES;
				CLANG_WARN_INT_CONVERSION = YES;
				CLANG_WARN_NON_LITERAL_NULL_CONVERSION = YES;
				CLANG_WARN_OBJC_IMPLICIT_RETAIN_SELF = YES;
				CLANG_WARN_OBJC_LITERAL_CONVERSION = YES;
				CLANG_WARN_OBJC_ROOT_CLASS = YES_ERROR;
				CLANG_WARN_QUOTED_INCLUDE_IN_FRAMEWORK_HEADER = YES;
				CLANG_WARN_RANGE_LOOP_ANALYSIS = YES;
				CLANG_WARN_STRICT_PROTOTYPES = YES;
				CLANG_WARN_SUSPICIOUS_MOVE = YES;
				CLANG_WARN_UNGUARDED_AVAILABILITY = YES_AGGRESSIVE;
				CLANG_WARN_UNREACHABLE_CODE = YES;
				CLANG_WARN__DUPLICATE_METHOD_MATCH = YES;
				COPY_PHASE_STRIP = NO;
				DEBUG_INFORMATION_FORMAT = "dwarf-with-dsym";
				ENABLE_NS_ASSERTIONS = NO;
				ENABLE_STRICT_OBJC_MSGSEND = YES;
				GCC_C_LANGUAGE_STANDARD = gnu11;
				GCC_NO_COMMON_BLOCKS = YES;
				GCC_WARN_64_TO_32_BIT_CONVERSION = YES;
				GCC_WARN_ABOUT_RETURN_TYPE = YES_ERROR;
				GCC_WARN_UNDECLARED_SELECTOR = YES;
				GCC_WARN_UNINITIALIZED_AUTOS = YES_AGGRESSIVE;
				GCC_WARN_UNUSED_FUNCTION = YES;
				GCC_WARN_UNUSED_VARIABLE = YES;
				IPHONEOS_DEPLOYMENT_TARGET = 14.4;
				MTL_ENABLE_DEBUG_INFO = NO;
				MTL_FAST_MATH = YES;
				SDKROOT = iphoneos;
				SWIFT_COMPILATION_MODE = wholemodule;
				SWIFT_OPTIMIZATION_LEVEL = "-O";
				VALIDATE_PRODUCT = YES;
			};
			name = Release;
		};
		190C348B27B568A300F2D365 /* Debug */ = {
			isa = XCBuildConfiguration;
			buildSettings = {
				ASSETCATALOG_COMPILER_APPICON_NAME = AppIcon;
				ASSETCATALOG_COMPILER_GLOBAL_ACCENT_COLOR_NAME = AccentColor;
				CODE_SIGN_STYLE = Automatic;
				DEVELOPMENT_ASSET_PATHS = "\"WordleDemo/Preview Content\"";
				DEVELOPMENT_TEAM = E58X3397BA;
				ENABLE_PREVIEWS = YES;
				INFOPLIST_FILE = WordleDemo/Info.plist;
				IPHONEOS_DEPLOYMENT_TARGET = 14.0;
				LD_RUNPATH_SEARCH_PATHS = (
					"$(inherited)",
					"@executable_path/Frameworks",
				);
				OTHER_CODE_SIGN_FLAGS = "--generate-entitlement-der";
				PRODUCT_BUNDLE_IDENTIFIER = com.sumit.WordleDemo;
				PRODUCT_NAME = "$(TARGET_NAME)";
				SWIFT_VERSION = 5.0;
				TARGETED_DEVICE_FAMILY = "1,2";
			};
			name = Debug;
		};
		190C348C27B568A300F2D365 /* Release */ = {
			isa = XCBuildConfiguration;
			buildSettings = {
				ASSETCATALOG_COMPILER_APPICON_NAME = AppIcon;
				ASSETCATALOG_COMPILER_GLOBAL_ACCENT_COLOR_NAME = AccentColor;
				CODE_SIGN_STYLE = Automatic;
				DEVELOPMENT_ASSET_PATHS = "\"WordleDemo/Preview Content\"";
				DEVELOPMENT_TEAM = E58X3397BA;
				ENABLE_PREVIEWS = YES;
				INFOPLIST_FILE = WordleDemo/Info.plist;
				IPHONEOS_DEPLOYMENT_TARGET = 14.0;
				LD_RUNPATH_SEARCH_PATHS = (
					"$(inherited)",
					"@executable_path/Frameworks",
				);
				OTHER_CODE_SIGN_FLAGS = "--generate-entitlement-der";
				PRODUCT_BUNDLE_IDENTIFIER = com.sumit.WordleDemo;
				PRODUCT_NAME = "$(TARGET_NAME)";
				SWIFT_VERSION = 5.0;
				TARGETED_DEVICE_FAMILY = "1,2";
			};
			name = Release;
		};
/* End XCBuildConfiguration section */

/* Begin XCConfigurationList section */
		190C347627B568A100F2D365 /* Build configuration list for PBXProject "WordleDemo" */ = {
			isa = XCConfigurationList;
			buildConfigurations = (
				190C348827B568A300F2D365 /* Debug */,
				190C348927B568A300F2D365 /* Release */,
			);
			defaultConfigurationIsVisible = 0;
			defaultConfigurationName = Release;
		};
		190C348A27B568A300F2D365 /* Build configuration list for PBXNativeTarget "WordleDemo" */ = {
			isa = XCConfigurationList;
			buildConfigurations = (
				190C348B27B568A300F2D365 /* Debug */,
				190C348C27B568A300F2D365 /* Release */,
			);
			defaultConfigurationIsVisible = 0;
			defaultConfigurationName = Release;
		};
/* End XCConfigurationList section */
	};
	rootObject = 190C347327B568A100F2D365 /* Project object */;
}
